
Microsoft Visual Studio Solution File, Format Version 12.00
Project("{FAE04EC0-301F-11D3-BF4B-00C04F79EFBC}") = "AssemblyDemo", "AssemblyDemo\AssemblyDemo.csproj", "{35B7B38F-B98F-4993-8FD6-8A9397E6E0D4}"
EndProject
Project("{FAE04EC0-301F-11D3-BF4B-00C04F79EFBC}") = "AssemblyAttrDemo", "AssemblyAttrDemo\AssemblyAttrDemo.csproj", "{04CFDEB3-2E00-48D4-A2C4-0444A479DEC3}"
EndProject
Project("{FAE04EC0-301F-11D3-BF4B-00C04F79EFBC}") = "AssemblyType", "AssemblyType\AssemblyType.csproj", "{F74D347C-DAA3-4840-BF3F-029F2A00A1CF}"
EndProject
Global
	GlobalSection(SolutionConfigurationPlatforms) = preSolution
		Debug|Any CPU = Debug|Any CPU
		Release|Any CPU = Release|Any CPU
	EndGlobalSection
	GlobalSection(ProjectConfigurationPlatforms) = postSolution
		{35B7B38F-B98F-4993-8FD6-8A9397E6E0D4}.Debug|Any CPU.ActiveCfg = Debug|Any CPU
		{35B7B38F-B98F-4993-8FD6-8A9397E6E0D4}.Debug|Any CPU.Build.0 = Debug|Any CPU
		{35B7B38F-B98F-4993-8FD6-8A9397E6E0D4}.Release|Any CPU.ActiveCfg = Release|Any CPU
		{35B7B38F-B98F-4993-8FD6-8A9397E6E0D4}.Release|Any CPU.Build.0 = Release|Any CPU
		{04CFDEB3-2E00-48D4-A2C4-0444A479DEC3}.Debug|Any CPU.ActiveCfg = Debug|Any CPU
		{04CFDEB3-2E00-48D4-A2C4-0444A479DEC3}.Debug|Any CPU.Build.0 = Debug|Any CPU
		{04CFDEB3-2E00-48D4-A2C4-0444A479DEC3}.Release|Any CPU.ActiveCfg = Release|Any CPU
		{04CFDEB3-2E00-48D4-A2C4-0444A479DEC3}.Release|Any CPU.Build.0 = Release|Any CPU
		{F74D347C-DAA3-4840-BF3F-029F2A00A1CF}.Debug|Any CPU.ActiveCfg = Debug|Any CPU
		{F74D347C-DAA3-4840-BF3F-029F2A00A1CF}.Debug|Any CPU.Build.0 = Debug|Any CPU
		{F74D347C-DAA3-4840-BF3F-029F2A00A1CF}.Release|Any CPU.ActiveCfg = Release|Any CPU
		{F74D347C-DAA3-4840-BF3F-029F2A00A1CF}.Release|Any CPU.Build.0 = Release|Any CPU
	EndGlobalSection
EndGlobal
